
Microsoft Visual Studio Solution File, Format Version 12.00
# Visual Studio Version 17
VisualStudioVersion = 17.3.32811.315
MinimumVisualStudioVersion = 10.0.40219.1
Project("{9A19103F-16F7-4668-BE54-9A1E7A4F7556}") = "Part_001_Introduction_To_C_Sharp", "Part_001_Introduction_To_C_Sharp\Part_001_Introduction_To_C_Sharp.csproj", "{6E2E665C-2308-412F-B302-B144A82C34C1}"
EndProject
Project("{9A19103F-16F7-4668-BE54-9A1E7A4F7556}") = "Part_001_MY_Explanation", "Part_001_MY_Explanation\Part_001_MY_Explanation.csproj", "{32117F4D-2492-4C0D-9AC0-EED1AC9B4532}"
EndProject
Project("{9A19103F-16F7-4668-BE54-9A1E7A4F7556}") = "Part_002_Reading_And_Writing", "Part_002_Reading_And_Writing\Part_002_Reading_And_Writing.csproj", "{3DB0E531-F92D-4A77-9C27-516762B953C9}"
EndProject
Project("{9A19103F-16F7-4668-BE54-9A1E7A4F7556}") = "Part_003_Built _In_Types", "Part_003_Built _In_Types\Part_003_Built _In_Types.csproj", "{B630C72E-9288-48C7-8862-6EB3778C7434}"
EndProject
Project("{9A19103F-16F7-4668-BE54-9A1E7A4F7556}") = "Part_004_String_Type", "Part_004_String_Type\Part_004_String_Type.csproj", "{2F7AD11F-2E5B-4DD5-B70E-6AA0F7A0E40D}"
EndProject
Project("{9A19103F-16F7-4668-BE54-9A1E7A4F7556}") = "Part_005_Common_Operators", "Part_005_Common_Operators\Part_005_Common_Operators.csproj", "{79E6D414-CC70-46E8-9CCD-CF7DB5605ADB}"
EndProject
Project("{9A19103F-16F7-4668-BE54-9A1E7A4F7556}") = "Part_006_Nullable_Types", "Part_006_Nullable_Types\Part_006_Nullable_Types.csproj", "{30AF9167-9336-4E47-98B5-6F5F6A92B423}"
EndProject
Project("{9A19103F-16F7-4668-BE54-9A1E7A4F7556}") = "Part_007_Datatypes_Conversion", "Part_007_Datatypes_Conversion\Part_007_Datatypes_Conversion.csproj", "{744DF658-C02B-4223-88A0-8AC2E9F4DABA}"
EndProject
Project("{9A19103F-16F7-4668-BE54-9A1E7A4F7556}") = "Part_008_Arrays", "Part_008_Arrays\Part_008_Arrays.csproj", "{9ADEA6D7-C356-4865-B162-8893C1B073F4}"
EndProject
Project("{9A19103F-16F7-4668-BE54-9A1E7A4F7556}") = "Part_009_ Comments", "Part_009_ Comments\Part_009_ Comments.csproj", "{219C1FB8-D6F8-494D-85CC-BF28E3F72289}"
EndProject
Project("{9A19103F-16F7-4668-BE54-9A1E7A4F7556}") = "Part_010_If_Statement", "Part_010_If_Statement\Part_010_If_Statement.csproj", "{1CFEE402-E2B5-4114-A708-F2C9B4C8337C}"
EndProject
Project("{9A19103F-16F7-4668-BE54-9A1E7A4F7556}") = "Part_011_Switch_Statement", "Part_011_Switch_Statement\Part_011_Switch_Statement.csproj", "{37BE23DE-A8E9-4722-B82C-3071732F2CD8}"
EndProject
Project("{9A19103F-16F7-4668-BE54-9A1E7A4F7556}") = "Part_012_ Switch_Statement_Part2", "Part_012_ Switch_Statement_Part2\Part_012_ Switch_Statement_Part2.csproj", "{CA5C6029-B405-49FC-AFBC-9B986F243C07}"
EndProject
Project("{9A19103F-16F7-4668-BE54-9A1E7A4F7556}") = "Part_013_While_Loop", "Part_013_While_Loop\Part_013_While_Loop.csproj", "{4E5F4026-C776-4C13-B630-AACD627B8666}"
EndProject
Project("{9A19103F-16F7-4668-BE54-9A1E7A4F7556}") = "Part_014_Do_While_Loop", "Part_014_Do_While_Loop\Part_014_Do_While_Loop.csproj", "{371678F6-C2B9-4BF5-A9E7-981FC180A044}"
EndProject
Project("{9A19103F-16F7-4668-BE54-9A1E7A4F7556}") = "Part_015_For_And_Foreach_Loops", "Part_015_For_And_Foreach_Loops\Part_015_For_And_Foreach_Loops.csproj", "{34B64659-DAF8-4B67-BA1F-628CB97CA7F0}"
EndProject
Project("{9A19103F-16F7-4668-BE54-9A1E7A4F7556}") = "Part_016_Methods", "Part_016_Methods\Part_016_Methods.csproj", "{FC0A553E-3FA1-45B8-9F64-180BEF475FB2}"
EndProject
Project("{9A19103F-16F7-4668-BE54-9A1E7A4F7556}") = "Part_017_Method_Parameters", "Part_017_Method_Parameters\Part_017_Method_Parameters.csproj", "{00C3362A-D61E-4BF4-BA18-473E3942A6CE}"
EndProject
Project("{FAE04EC0-301F-11D3-BF4B-00C04F79EFBC}") = "Part_018_Namespaces", "Part_018_Namespaces\Part_018_Namespaces.csproj", "{95257E8D-4CC6-4221-B73C-1A92912B5AB8}"
EndProject
Project("{FAE04EC0-301F-11D3-BF4B-00C04F79EFBC}") = "Part_018_ProjectA_TeamA", "Part_018_ProjectA_TeamA\Part_018_ProjectA_TeamA.csproj", "{8679EAA9-E9F1-45DD-AE84-9D492A2A6D8D}"
EndProject
Project("{FAE04EC0-301F-11D3-BF4B-00C04F79EFBC}") = "Part_018_ProjectA_TeamB", "Part_018_ProjectA_TeamB\Part_018_ProjectA_TeamB.csproj", "{27B6B56F-E8A7-4335-A2E0-6D05572AAF70}"
EndProject
Global
	GlobalSection(SolutionConfigurationPlatforms) = preSolution
		Debug|Any CPU = Debug|Any CPU
		Release|Any CPU = Release|Any CPU
	EndGlobalSection
	GlobalSection(ProjectConfigurationPlatforms) = postSolution
		{6E2E665C-2308-412F-B302-B144A82C34C1}.Debug|Any CPU.ActiveCfg = Debug|Any CPU
		{6E2E665C-2308-412F-B302-B144A82C34C1}.Debug|Any CPU.Build.0 = Debug|Any CPU
		{6E2E665C-2308-412F-B302-B144A82C34C1}.Release|Any CPU.ActiveCfg = Release|Any CPU
		{6E2E665C-2308-412F-B302-B144A82C34C1}.Release|Any CPU.Build.0 = Release|Any CPU
		{32117F4D-2492-4C0D-9AC0-EED1AC9B4532}.Debug|Any CPU.ActiveCfg = Debug|Any CPU
		{32117F4D-2492-4C0D-9AC0-EED1AC9B4532}.Debug|Any CPU.Build.0 = Debug|Any CPU
		{32117F4D-2492-4C0D-9AC0-EED1AC9B4532}.Release|Any CPU.ActiveCfg = Release|Any CPU
		{32117F4D-2492-4C0D-9AC0-EED1AC9B4532}.Release|Any CPU.Build.0 = Release|Any CPU
		{3DB0E531-F92D-4A77-9C27-516762B953C9}.Debug|Any CPU.ActiveCfg = Debug|Any CPU
		{3DB0E531-F92D-4A77-9C27-516762B953C9}.Debug|Any CPU.Build.0 = Debug|Any CPU
		{3DB0E531-F92D-4A77-9C27-516762B953C9}.Release|Any CPU.ActiveCfg = Release|Any CPU
		{3DB0E531-F92D-4A77-9C27-516762B953C9}.Release|Any CPU.Build.0 = Release|Any CPU
		{B630C72E-9288-48C7-8862-6EB3778C7434}.Debug|Any CPU.ActiveCfg = Debug|Any CPU
		{B630C72E-9288-48C7-8862-6EB3778C7434}.Debug|Any CPU.Build.0 = Debug|Any CPU
		{B630C72E-9288-48C7-8862-6EB3778C7434}.Release|Any CPU.ActiveCfg = Release|Any CPU
		{B630C72E-9288-48C7-8862-6EB3778C7434}.Release|Any CPU.Build.0 = Release|Any CPU
		{2F7AD11F-2E5B-4DD5-B70E-6AA0F7A0E40D}.Debug|Any CPU.ActiveCfg = Debug|Any CPU
		{2F7AD11F-2E5B-4DD5-B70E-6AA0F7A0E40D}.Debug|Any CPU.Build.0 = Debug|Any CPU
		{2F7AD11F-2E5B-4DD5-B70E-6AA0F7A0E40D}.Release|Any CPU.ActiveCfg = Release|Any CPU
		{2F7AD11F-2E5B-4DD5-B70E-6AA0F7A0E40D}.Release|Any CPU.Build.0 = Release|Any CPU
		{79E6D414-CC70-46E8-9CCD-CF7DB5605ADB}.Debug|Any CPU.ActiveCfg = Debug|Any CPU
		{79E6D414-CC70-46E8-9CCD-CF7DB5605ADB}.Debug|Any CPU.Build.0 = Debug|Any CPU
		{79E6D414-CC70-46E8-9CCD-CF7DB5605ADB}.Release|Any CPU.ActiveCfg = Release|Any CPU
		{79E6D414-CC70-46E8-9CCD-CF7DB5605ADB}.Release|Any CPU.Build.0 = Release|Any CPU
		{30AF9167-9336-4E47-98B5-6F5F6A92B423}.Debug|Any CPU.ActiveCfg = Debug|Any CPU
		{30AF9167-9336-4E47-98B5-6F5F6A92B423}.Debug|Any CPU.Build.0 = Debug|Any CPU
		{30AF9167-9336-4E47-98B5-6F5F6A92B423}.Release|Any CPU.ActiveCfg = Release|Any CPU
		{30AF9167-9336-4E47-98B5-6F5F6A92B423}.Release|Any CPU.Build.0 = Release|Any CPU
		{744DF658-C02B-4223-88A0-8AC2E9F4DABA}.Debug|Any CPU.ActiveCfg = Debug|Any CPU
		{744DF658-C02B-4223-88A0-8AC2E9F4DABA}.Debug|Any CPU.Build.0 = Debug|Any CPU
		{744DF658-C02B-4223-88A0-8AC2E9F4DABA}.Release|Any CPU.ActiveCfg = Release|Any CPU
		{744DF658-C02B-4223-88A0-8AC2E9F4DABA}.Release|Any CPU.Build.0 = Release|Any CPU
		{9ADEA6D7-C356-4865-B162-8893C1B073F4}.Debug|Any CPU.ActiveCfg = Debug|Any CPU
		{9ADEA6D7-C356-4865-B162-8893C1B073F4}.Debug|Any CPU.Build.0 = Debug|Any CPU
		{9ADEA6D7-C356-4865-B162-8893C1B073F4}.Release|Any CPU.ActiveCfg = Release|Any CPU
		{9ADEA6D7-C356-4865-B162-8893C1B073F4}.Release|Any CPU.Build.0 = Release|Any CPU
		{219C1FB8-D6F8-494D-85CC-BF28E3F72289}.Debug|Any CPU.ActiveCfg = Debug|Any CPU
		{219C1FB8-D6F8-494D-85CC-BF28E3F72289}.Debug|Any CPU.Build.0 = Debug|Any CPU
		{219C1FB8-D6F8-494D-85CC-BF28E3F72289}.Release|Any CPU.ActiveCfg = Release|Any CPU
		{219C1FB8-D6F8-494D-85CC-BF28E3F72289}.Release|Any CPU.Build.0 = Release|Any CPU
		{1CFEE402-E2B5-4114-A708-F2C9B4C8337C}.Debug|Any CPU.ActiveCfg = Debug|Any CPU
		{1CFEE402-E2B5-4114-A708-F2C9B4C8337C}.Debug|Any CPU.Build.0 = Debug|Any CPU
		{1CFEE402-E2B5-4114-A708-F2C9B4C8337C}.Release|Any CPU.ActiveCfg = Release|Any CPU
		{1CFEE402-E2B5-4114-A708-F2C9B4C8337C}.Release|Any CPU.Build.0 = Release|Any CPU
		{37BE23DE-A8E9-4722-B82C-3071732F2CD8}.Debug|Any CPU.ActiveCfg = Debug|Any CPU
		{37BE23DE-A8E9-4722-B82C-3071732F2CD8}.Debug|Any CPU.Build.0 = Debug|Any CPU
		{37BE23DE-A8E9-4722-B82C-3071732F2CD8}.Release|Any CPU.ActiveCfg = Release|Any CPU
		{37BE23DE-A8E9-4722-B82C-3071732F2CD8}.Release|Any CPU.Build.0 = Release|Any CPU
		{CA5C6029-B405-49FC-AFBC-9B986F243C07}.Debug|Any CPU.ActiveCfg = Debug|Any CPU
		{CA5C6029-B405-49FC-AFBC-9B986F243C07}.Debug|Any CPU.Build.0 = Debug|Any CPU
		{CA5C6029-B405-49FC-AFBC-9B986F243C07}.Release|Any CPU.ActiveCfg = Release|Any CPU
		{CA5C6029-B405-49FC-AFBC-9B986F243C07}.Release|Any CPU.Build.0 = Release|Any CPU
		{4E5F4026-C776-4C13-B630-AACD627B8666}.Debug|Any CPU.ActiveCfg = Debug|Any CPU
		{4E5F4026-C776-4C13-B630-AACD627B8666}.Debug|Any CPU.Build.0 = Debug|Any CPU
		{4E5F4026-C776-4C13-B630-AACD627B8666}.Release|Any CPU.ActiveCfg = Release|Any CPU
		{4E5F4026-C776-4C13-B630-AACD627B8666}.Release|Any CPU.Build.0 = Release|Any CPU
		{371678F6-C2B9-4BF5-A9E7-981FC180A044}.Debug|Any CPU.ActiveCfg = Debug|Any CPU
		{371678F6-C2B9-4BF5-A9E7-981FC180A044}.Debug|Any CPU.Build.0 = Debug|Any CPU
		{371678F6-C2B9-4BF5-A9E7-981FC180A044}.Release|Any CPU.ActiveCfg = Release|Any CPU
		{371678F6-C2B9-4BF5-A9E7-981FC180A044}.Release|Any CPU.Build.0 = Release|Any CPU
		{34B64659-DAF8-4B67-BA1F-628CB97CA7F0}.Debug|Any CPU.ActiveCfg = Debug|Any CPU
		{34B64659-DAF8-4B67-BA1F-628CB97CA7F0}.Debug|Any CPU.Build.0 = Debug|Any CPU
		{34B64659-DAF8-4B67-BA1F-628CB97CA7F0}.Release|Any CPU.ActiveCfg = Release|Any CPU
		{34B64659-DAF8-4B67-BA1F-628CB97CA7F0}.Release|Any CPU.Build.0 = Release|Any CPU
		{FC0A553E-3FA1-45B8-9F64-180BEF475FB2}.Debug|Any CPU.ActiveCfg = Debug|Any CPU
		{FC0A553E-3FA1-45B8-9F64-180BEF475FB2}.Debug|Any CPU.Build.0 = Debug|Any CPU
		{FC0A553E-3FA1-45B8-9F64-180BEF475FB2}.Release|Any CPU.ActiveCfg = Release|Any CPU
		{FC0A553E-3FA1-45B8-9F64-180BEF475FB2}.Release|Any CPU.Build.0 = Release|Any CPU
		{00C3362A-D61E-4BF4-BA18-473E3942A6CE}.Debug|Any CPU.ActiveCfg = Debug|Any CPU
		{00C3362A-D61E-4BF4-BA18-473E3942A6CE}.Debug|Any CPU.Build.0 = Debug|Any CPU
		{00C3362A-D61E-4BF4-BA18-473E3942A6CE}.Release|Any CPU.ActiveCfg = Release|Any CPU
		{00C3362A-D61E-4BF4-BA18-473E3942A6CE}.Release|Any CPU.Build.0 = Release|Any CPU
		{95257E8D-4CC6-4221-B73C-1A92912B5AB8}.Debug|Any CPU.ActiveCfg = Debug|Any CPU
		{95257E8D-4CC6-4221-B73C-1A92912B5AB8}.Debug|Any CPU.Build.0 = Debug|Any CPU
		{95257E8D-4CC6-4221-B73C-1A92912B5AB8}.Release|Any CPU.ActiveCfg = Release|Any CPU
		{95257E8D-4CC6-4221-B73C-1A92912B5AB8}.Release|Any CPU.Build.0 = Release|Any CPU
		{8679EAA9-E9F1-45DD-AE84-9D492A2A6D8D}.Debug|Any CPU.ActiveCfg = Debug|Any CPU
		{8679EAA9-E9F1-45DD-AE84-9D492A2A6D8D}.Debug|Any CPU.Build.0 = Debug|Any CPU
		{8679EAA9-E9F1-45DD-AE84-9D492A2A6D8D}.Release|Any CPU.ActiveCfg = Release|Any CPU
		{8679EAA9-E9F1-45DD-AE84-9D492A2A6D8D}.Release|Any CPU.Build.0 = Release|Any CPU
		{27B6B56F-E8A7-4335-A2E0-6D05572AAF70}.Debug|Any CPU.ActiveCfg = Debug|Any CPU
		{27B6B56F-E8A7-4335-A2E0-6D05572AAF70}.Debug|Any CPU.Build.0 = Debug|Any CPU
		{27B6B56F-E8A7-4335-A2E0-6D05572AAF70}.Release|Any CPU.ActiveCfg = Release|Any CPU
		{27B6B56F-E8A7-4335-A2E0-6D05572AAF70}.Release|Any CPU.Build.0 = Release|Any CPU
	EndGlobalSection
	GlobalSection(SolutionProperties) = preSolution
		HideSolutionNode = FALSE
	EndGlobalSection
	GlobalSection(ExtensibilityGlobals) = postSolution
		SolutionGuid = {4CF6293A-499C-420C-90F7-1AB767FF77BD}
	EndGlobalSection
EndGlobal
