
Microsoft Visual Studio Solution File, Format Version 12.00
# Visual Studio Version 17
VisualStudioVersion = 17.3.32811.315
MinimumVisualStudioVersion = 10.0.40219.1
Project("{9A19103F-16F7-4668-BE54-9A1E7A4F7556}") = "Part_001_Introduction_To_C_Sharp", "Part_001_Introduction_To_C_Sharp\Part_001_Introduction_To_C_Sharp.csproj", "{6E2E665C-2308-412F-B302-B144A82C34C1}"
EndProject
Project("{9A19103F-16F7-4668-BE54-9A1E7A4F7556}") = "Part_001_MY_Explanation", "Part_001_MY_Explanation\Part_001_MY_Explanation.csproj", "{32117F4D-2492-4C0D-9AC0-EED1AC9B4532}"
EndProject
Project("{9A19103F-16F7-4668-BE54-9A1E7A4F7556}") = "Part_002_Reading_And_Writing", "Part_002_Reading_And_Writing\Part_002_Reading_And_Writing.csproj", "{3DB0E531-F92D-4A77-9C27-516762B953C9}"
EndProject
Project("{9A19103F-16F7-4668-BE54-9A1E7A4F7556}") = "Part_003_Built _In_Types", "Part_003_Built _In_Types\Part_003_Built _In_Types.csproj", "{B630C72E-9288-48C7-8862-6EB3778C7434}"
EndProject
Project("{9A19103F-16F7-4668-BE54-9A1E7A4F7556}") = "Part_004_String_Type", "Part_004_String_Type\Part_004_String_Type.csproj", "{2F7AD11F-2E5B-4DD5-B70E-6AA0F7A0E40D}"
EndProject
Project("{9A19103F-16F7-4668-BE54-9A1E7A4F7556}") = "Part_005_Common_Operators", "Part_005_Common_Operators\Part_005_Common_Operators.csproj", "{79E6D414-CC70-46E8-9CCD-CF7DB5605ADB}"
EndProject
Project("{9A19103F-16F7-4668-BE54-9A1E7A4F7556}") = "Part_006_Nullable_Types", "Part_006_Nullable_Types\Part_006_Nullable_Types.csproj", "{30AF9167-9336-4E47-98B5-6F5F6A92B423}"
EndProject
Project("{9A19103F-16F7-4668-BE54-9A1E7A4F7556}") = "Part_007_Datatypes_Conversion", "Part_007_Datatypes_Conversion\Part_007_Datatypes_Conversion.csproj", "{744DF658-C02B-4223-88A0-8AC2E9F4DABA}"
EndProject
Project("{9A19103F-16F7-4668-BE54-9A1E7A4F7556}") = "Part_008_Arrays", "Part_008_Arrays\Part_008_Arrays.csproj", "{9ADEA6D7-C356-4865-B162-8893C1B073F4}"
EndProject
Project("{9A19103F-16F7-4668-BE54-9A1E7A4F7556}") = "Part_009_ Comments", "Part_009_ Comments\Part_009_ Comments.csproj", "{219C1FB8-D6F8-494D-85CC-BF28E3F72289}"
EndProject
Project("{9A19103F-16F7-4668-BE54-9A1E7A4F7556}") = "Part_010_If_Statement", "Part_010_If_Statement\Part_010_If_Statement.csproj", "{1CFEE402-E2B5-4114-A708-F2C9B4C8337C}"
EndProject
Project("{9A19103F-16F7-4668-BE54-9A1E7A4F7556}") = "Part_011_Switch_Statement", "Part_011_Switch_Statement\Part_011_Switch_Statement.csproj", "{37BE23DE-A8E9-4722-B82C-3071732F2CD8}"
EndProject
Project("{9A19103F-16F7-4668-BE54-9A1E7A4F7556}") = "Part_012_ Switch_Statement_Part2", "Part_012_ Switch_Statement_Part2\Part_012_ Switch_Statement_Part2.csproj", "{CA5C6029-B405-49FC-AFBC-9B986F243C07}"
EndProject
Project("{9A19103F-16F7-4668-BE54-9A1E7A4F7556}") = "Part_013_While_Loop", "Part_013_While_Loop\Part_013_While_Loop.csproj", "{4E5F4026-C776-4C13-B630-AACD627B8666}"
EndProject
Project("{9A19103F-16F7-4668-BE54-9A1E7A4F7556}") = "Part_014_Do_While_Loop", "Part_014_Do_While_Loop\Part_014_Do_While_Loop.csproj", "{371678F6-C2B9-4BF5-A9E7-981FC180A044}"
EndProject
Project("{9A19103F-16F7-4668-BE54-9A1E7A4F7556}") = "Part_015_For_And_Foreach_Loops", "Part_015_For_And_Foreach_Loops\Part_015_For_And_Foreach_Loops.csproj", "{34B64659-DAF8-4B67-BA1F-628CB97CA7F0}"
EndProject
Project("{9A19103F-16F7-4668-BE54-9A1E7A4F7556}") = "Part_016_Methods", "Part_016_Methods\Part_016_Methods.csproj", "{FC0A553E-3FA1-45B8-9F64-180BEF475FB2}"
EndProject
Project("{9A19103F-16F7-4668-BE54-9A1E7A4F7556}") = "Part_017_Method_Parameters", "Part_017_Method_Parameters\Part_017_Method_Parameters.csproj", "{00C3362A-D61E-4BF4-BA18-473E3942A6CE}"
EndProject
Project("{9A19103F-16F7-4668-BE54-9A1E7A4F7556}") = "Part_018_Namespaces", "Part_018_Namespaces\Part_018_Namespaces.csproj", "{95257E8D-4CC6-4221-B73C-1A92912B5AB8}"
EndProject
Project("{9A19103F-16F7-4668-BE54-9A1E7A4F7556}") = "Part_018_ProjectA_TeamA", "Part_018_ProjectA_TeamA\Part_018_ProjectA_TeamA.csproj", "{8679EAA9-E9F1-45DD-AE84-9D492A2A6D8D}"
EndProject
Project("{9A19103F-16F7-4668-BE54-9A1E7A4F7556}") = "Part_018_ProjectA_TeamB", "Part_018_ProjectA_TeamB\Part_018_ProjectA_TeamB.csproj", "{27B6B56F-E8A7-4335-A2E0-6D05572AAF70}"
EndProject
Project("{9A19103F-16F7-4668-BE54-9A1E7A4F7556}") = "Part_019_Introduction_To_Classes", "Part_019_Introduction_To_Classes\Part_019_Introduction_To_Classes.csproj", "{B3B75739-DC93-49F8-B44A-28BA1DC65C31}"
EndProject
Project("{9A19103F-16F7-4668-BE54-9A1E7A4F7556}") = "Part_020_Static_And_Instance_Class_Members", "Part_020_Static_And_Instance_Class_Member\Part_020_Static_And_Instance_Class_Members.csproj", "{0DF74D39-1BCD-4F96-92FB-9F89923CA4D2}"
EndProject
Project("{9A19103F-16F7-4668-BE54-9A1E7A4F7556}") = "Part_021_Inheritance", "Part_021_Inheritance\Part_021_Inheritance.csproj", "{41A11570-8A1E-48D4-993B-DF7EE4E9A6C8}"
EndProject
Project("{9A19103F-16F7-4668-BE54-9A1E7A4F7556}") = "Part_022_Method_Hiding", "Part_022_Method_Hiding\Part_022_Method_Hiding.csproj", "{B55D0F30-D504-4ED9-979E-0C31E3EF54A0}"
EndProject
Project("{9A19103F-16F7-4668-BE54-9A1E7A4F7556}") = "Part_023_Polymorphism", "Part_023_Polymorphism\Part_023_Polymorphism.csproj", "{6BD8D498-1396-4F16-B341-6EF8EBCC0FCC}"
EndProject
Project("{9A19103F-16F7-4668-BE54-9A1E7A4F7556}") = "Part_024_Method_Overriding_And_Hiding", "Part_024_Method_Overriding_And_Hiding\Part_024_Method_Overriding_And_Hiding.csproj", "{68DA7B39-111C-40EF-85A9-85936517BF30}"
EndProject
Project("{9A19103F-16F7-4668-BE54-9A1E7A4F7556}") = "Part_025_Method_Overloading", "Part_025_Method_Overloading\Part_025_Method_Overloading.csproj", "{3615ADDB-1F27-472B-A056-23B65186CE82}"
EndProject
Project("{9A19103F-16F7-4668-BE54-9A1E7A4F7556}") = "Part_026_Why_Properties_Get_Set_Encapsulation_1", "Part_026_Why_Properties_Get_Set_Encapsulation_1\Part_026_Why_Properties_Get_Set_Encapsulation_1.csproj", "{CF91338F-90BE-4CE8-9A2C-A74EFFA4D6D4}"
EndProject
Project("{9A19103F-16F7-4668-BE54-9A1E7A4F7556}") = "Part_027_Properties_Get_Set_Encapsulation_part2", "Part_027_Properties_Get_Set_Encapsulation_part2\Part_027_Properties_Get_Set_Encapsulation_part2.csproj", "{CDD3BF5A-F6E8-4406-90DA-26C3A9A75F72}"
EndProject
Project("{9A19103F-16F7-4668-BE54-9A1E7A4F7556}") = "Part_028_Structs", "Part_028_Structs\Part_028_Structs.csproj", "{4E82FE22-645A-416A-B482-935E8E3F4F90}"
EndProject
Project("{9A19103F-16F7-4668-BE54-9A1E7A4F7556}") = "Part_029_Difference_Between_Classes_And_Structs", "Part_029_Difference_Between_Classes_And_Structs\Part_029_Difference_Between_Classes_And_Structs.csproj", "{0DE5C305-E005-4082-A07D-BEB0C2C78B0B}"
EndProject
Project("{9A19103F-16F7-4668-BE54-9A1E7A4F7556}") = "Part_030_Interfaces", "Part_030_Interfaces\Part_030_Interfaces.csproj", "{D6F1ED4E-7661-4B2C-8AD7-045E2F6816B9}"
EndProject
Project("{9A19103F-16F7-4668-BE54-9A1E7A4F7556}") = "Part_031_Explicit_Interfaces_Implementation", "Part_031_Explicit_Interfaces_Implementation\Part_031_Explicit_Interfaces_Implementation.csproj", "{C1458AB3-A1B6-453A-9B4C-D880E2D63BD4}"
EndProject
Project("{9A19103F-16F7-4668-BE54-9A1E7A4F7556}") = "Part_032_Abstract_Classes", "Part_032_Abstract_Classes\Part_032_Abstract_Classes.csproj", "{516CBFFE-5A42-492F-80B9-BA715A03B052}"
EndProject
Project("{9A19103F-16F7-4668-BE54-9A1E7A4F7556}") = "Part_033_Abstract_Classes_And_Interfaces", "Part_033_Abstract_Classes_And_Interfaces\Part_033_Abstract_Classes_And_Interfaces.csproj", "{11E399D9-C555-42F8-8EF7-00A83FAB040D}"
EndProject
Project("{9A19103F-16F7-4668-BE54-9A1E7A4F7556}") = "Part_034_Problems_Of_Multiple_Class_Inheritance", "Part_034_Problems_Of_Multiple_Class_Inheritance\Part_034_Problems_Of_Multiple_Class_Inheritance.csproj", "{CAC7EEAE-1CB0-4F51-A1A7-A13E4BDB5CBC}"
EndProject
Project("{9A19103F-16F7-4668-BE54-9A1E7A4F7556}") = "Part_035_Multiple_Class_Inheritance_Using_Interfaces", "Part_035_Multiple_Class_Inheritance_Using_Interfaces\Part_035_Multiple_Class_Inheritance_Using_Interfaces.csproj", "{26A3076E-B283-4C01-A3BD-0E63B0C3D776}"
EndProject
Project("{9A19103F-16F7-4668-BE54-9A1E7A4F7556}") = "Part_036_Delegates", "Part_036_Delegates\Part_036_Delegates.csproj", "{307B3220-B9CD-41B8-A7E6-038B98748ADC}"
EndProject
Project("{9A19103F-16F7-4668-BE54-9A1E7A4F7556}") = "Part_037_Delegates_Usage", "Part_037_Delegates_Usage\Part_037_Delegates_Usage.csproj", "{DC2796E9-4BF6-44CF-973E-3B18034BB5DF}"
EndProject
Project("{9A19103F-16F7-4668-BE54-9A1E7A4F7556}") = "Part_038_Delegates_Usage_Part_2", "Part_038_Delegates_Usage_Part_2\Part_038_Delegates_Usage_Part_2.csproj", "{8421BBF8-0BB8-49CA-8C48-EA71BADE9671}"
EndProject
Project("{9A19103F-16F7-4668-BE54-9A1E7A4F7556}") = "Part_039_Multicast_Delegates_Approach1", "Part_039_Multicast_Delegates_Approach1\Part_039_Multicast_Delegates_Approach1.csproj", "{AF68EC35-1E68-4220-9004-155F0171B857}"
EndProject
Project("{9A19103F-16F7-4668-BE54-9A1E7A4F7556}") = "Part_039_Multicast_Delegates_Approach2", "Part_039_Multicast_Delegates_Approach2\Part_039_Multicast_Delegates_Approach2.csproj", "{68C9A18B-DDD4-40D5-94CC-2D7220E56A70}"
EndProject
Project("{9A19103F-16F7-4668-BE54-9A1E7A4F7556}") = "Part_039_Multicast_Delegates_With_Int_Return_Type", "Part_039_Multicast_Delegates_With_Int_Return_Type\Part_039_Multicast_Delegates_With_Int_Return_Type.csproj", "{B710A095-B0C9-4787-8E26-479883753786}"
EndProject
Project("{9A19103F-16F7-4668-BE54-9A1E7A4F7556}") = "Part_039_Multicast_Delegates_Integer_Output_Parameter", "Part_039_Multicast_Delegates_Integer_Output_Parameter\Part_039_Multicast_Delegates_Integer_Output_Parameter.csproj", "{B2B80004-C46A-4C8C-82CC-5146B82195C8}"
EndProject
Project("{9A19103F-16F7-4668-BE54-9A1E7A4F7556}") = "Part_040_Exception_Handling", "Part_040_Exception_Handling\Part_040_Exception_Handling.csproj", "{1045A876-1337-4B39-9F82-05B984296E2F}"
EndProject
Project("{9A19103F-16F7-4668-BE54-9A1E7A4F7556}") = "Part_041_Inner_Exceptions", "Part_041_Inner_Exceptions\Part_041_Inner_Exceptions.csproj", "{71F31D1D-BF21-4117-8CB0-3452D42B3FF6}"
EndProject
Project("{9A19103F-16F7-4668-BE54-9A1E7A4F7556}") = "Part_042_Custom_Exceptions", "Part_042_Custom_Exceptions\Part_042_Custom_Exceptions.csproj", "{28754C09-6758-43AE-B4C9-7C67F6DFE51B}"
EndProject
Project("{9A19103F-16F7-4668-BE54-9A1E7A4F7556}") = "Part_043_Exception_Handling_Abuse", "Part_043_Exception_Handling_Abuse\Part_043_Exception_Handling_Abuse.csproj", "{00314C85-4074-45D4-8D1D-669A3C833789}"
EndProject
Project("{9A19103F-16F7-4668-BE54-9A1E7A4F7556}") = "Part_044_Preventing_Exception_Handling_Abuse", "Part_044_Preventing_Exception_Handling_Abuse\Part_044_Preventing_Exception_Handling_Abuse.csproj", "{7A8C8599-1790-412C-BB0B-49FC7A739BEE}"
EndProject
Project("{9A19103F-16F7-4668-BE54-9A1E7A4F7556}") = "Part_045_Why_Enums", "Part_045_Why_Enums\Part_045_Why_Enums.csproj", "{B1EEAC07-858B-4D19-AA64-E67AE5E2CCB6}"
EndProject
Project("{9A19103F-16F7-4668-BE54-9A1E7A4F7556}") = "Part_046_Enums_Example", "Part_046_Enums_Example\Part_046_Enums_Example.csproj", "{CF71CC8A-1EE1-47D8-AECF-FF31E0012610}"
EndProject
Project("{9A19103F-16F7-4668-BE54-9A1E7A4F7556}") = "Part_047_Enums_Details", "Part_047_Enums_Details\Part_047_Enums_Details.csproj", "{E66E6123-44C8-42C8-B52D-D5251C392986}"
EndProject
Project("{9A19103F-16F7-4668-BE54-9A1E7A4F7556}") = "Part_048_Types_ Type_Members_Regions", "Part_048_Types_ Type_Members_Regions\Part_048_Types_ Type_Members_Regions.csproj", "{E77C3519-F4BB-49C3-8955-3409AA1B7424}"
EndProject
Project("{9A19103F-16F7-4668-BE54-9A1E7A4F7556}") = "Part_049_Access_Modifiers", "Part_049_Access_Modifiers\Part_049_Access_Modifiers.csproj", "{F9A7426D-384B-4576-909D-F794D6F569F5}"
EndProject
Project("{9A19103F-16F7-4668-BE54-9A1E7A4F7556}") = "Part_050_Internal_And_Protected_Internal", "Part_050_Internal_And_Protected_Internal\Part_050_Internal_And_Protected_Internal.csproj", "{9581AEFC-D340-4EAC-8BBF-7D5BD20A6FF5}"
EndProject
Project("{9A19103F-16F7-4668-BE54-9A1E7A4F7556}") = "Part_050_AssemblyOne", "Part_050_AssemblyOne\Part_050_AssemblyOne.csproj", "{7931B79D-5741-4614-AB5D-59849FF72678}"
EndProject
Project("{9A19103F-16F7-4668-BE54-9A1E7A4F7556}") = "Part_050_AssemblyTwo", "Part_050_AssemblyTwo\Part_050_AssemblyTwo.csproj", "{61FDDB2C-4292-4641-A654-6C21ADAB6848}"
EndProject
Project("{9A19103F-16F7-4668-BE54-9A1E7A4F7556}") = "Part_050_Assembly_Three", "Part_050_Assembly_Three\Part_050_Assembly_Three.csproj", "{4C65935E-5622-4E8E-A6B0-4D24B255C6F1}"
EndProject
Project("{9A19103F-16F7-4668-BE54-9A1E7A4F7556}") = "Part_052_Attributes", "Part_052_Attributes\Part_052_Attributes.csproj", "{60B9EFD7-D1F7-491C-A16F-5A35C1D7D685}"
EndProject
Project("{9A19103F-16F7-4668-BE54-9A1E7A4F7556}") = "Part_053_Reflection", "Part_053_Reflection\Part_053_Reflection.csproj", "{B220B312-E682-49D7-9C88-FEB5B41087FE}"
EndProject
Project("{9A19103F-16F7-4668-BE54-9A1E7A4F7556}") = "Part_054_Reflection_WinForm_Example", "Part_054_Reflection_WinForm_Example\Part_054_Reflection_WinForm_Example.csproj", "{B4EDBC9F-B180-44CD-B53C-9362FC8793C4}"
EndProject
Project("{9A19103F-16F7-4668-BE54-9A1E7A4F7556}") = "Part_055_Late_Binding_Using_Reflection", "Part_055_Late_Binding_Using_Reflection\Part_055_Late_Binding_Using_Reflection.csproj", "{4DC958F1-D4FC-4EA7-9B28-52B8B17BC741}"
EndProject
Project("{9A19103F-16F7-4668-BE54-9A1E7A4F7556}") = "Part_056_2_Why_Generics", "Part_056_2_Why_Generics\Part_056_2_Why_Generics.csproj", "{A0EFC5CA-26A2-4826-8FE0-90D2DB64537B}"
EndProject
Project("{9A19103F-16F7-4668-BE54-9A1E7A4F7556}") = "Part_051_Access_Modifiers_For_Types", "Part_051_Access_Modifiers_For_Types\Part_051_Access_Modifiers_For_Types.csproj", "{9A8E6C38-9ED6-491E-9073-F35BDE2E4FA3}"
EndProject
Project("{9A19103F-16F7-4668-BE54-9A1E7A4F7556}") = "Part_051_Assembly_One", "Part_051_Assembly_One\Part_051_Assembly_One.csproj", "{DD87892D-48D1-4ED2-A079-7853876CCE93}"
EndProject
Project("{9A19103F-16F7-4668-BE54-9A1E7A4F7556}") = "Part_051_Assembly_Two", "Part_051_Assembly_Two\Part_051_Assembly_Two.csproj", "{E1317D99-3016-4B8D-A0AF-80585C6F4851}"
EndProject
Project("{9A19103F-16F7-4668-BE54-9A1E7A4F7556}") = "Part_051_Assembly_Three", "Part_051_Assembly_Three\Part_051_Assembly_Three.csproj", "{BCF181A5-F337-4DA1-8F64-1AF4AA399089}"
EndProject
Project("{9A19103F-16F7-4668-BE54-9A1E7A4F7556}") = "Part_056_1_Generics", "Part_056_1_Generics\Part_056_1_Generics.csproj", "{7FF73EA4-19DE-4A16-A0FB-D652D6EAE30D}"
EndProject
Project("{FAE04EC0-301F-11D3-BF4B-00C04F79EFBC}") = "Part_057_Override_ToString_Method", "Part_057_Override_ToString_Method\Part_057_Override_ToString_Method.csproj", "{8E07BA03-8A72-48A0-A469-948B95C7A194}"
EndProject
Project("{FAE04EC0-301F-11D3-BF4B-00C04F79EFBC}") = "Part_058_Override_Equals_Method", "Part_058_Override_Equals_Method\Part_058_Override_Equals_Method.csproj", "{107ED462-B101-4103-9B13-04514113B9F2}"
EndProject
Project("{FAE04EC0-301F-11D3-BF4B-00C04F79EFBC}") = "Part_059_ToString_And_Convert_ToString", "Part_059_ToString_And_Convert_ToString\Part_059_ToString_And_Convert_ToString.csproj", "{FD8D950B-9AED-40D7-9A8C-332D16C3AF7A}"
EndProject
Global
	GlobalSection(SolutionConfigurationPlatforms) = preSolution
		Debug|Any CPU = Debug|Any CPU
		Release|Any CPU = Release|Any CPU
	EndGlobalSection
	GlobalSection(ProjectConfigurationPlatforms) = postSolution
		{6E2E665C-2308-412F-B302-B144A82C34C1}.Debug|Any CPU.ActiveCfg = Debug|Any CPU
		{6E2E665C-2308-412F-B302-B144A82C34C1}.Debug|Any CPU.Build.0 = Debug|Any CPU
		{6E2E665C-2308-412F-B302-B144A82C34C1}.Release|Any CPU.ActiveCfg = Release|Any CPU
		{6E2E665C-2308-412F-B302-B144A82C34C1}.Release|Any CPU.Build.0 = Release|Any CPU
		{32117F4D-2492-4C0D-9AC0-EED1AC9B4532}.Debug|Any CPU.ActiveCfg = Debug|Any CPU
		{32117F4D-2492-4C0D-9AC0-EED1AC9B4532}.Debug|Any CPU.Build.0 = Debug|Any CPU
		{32117F4D-2492-4C0D-9AC0-EED1AC9B4532}.Release|Any CPU.ActiveCfg = Release|Any CPU
		{32117F4D-2492-4C0D-9AC0-EED1AC9B4532}.Release|Any CPU.Build.0 = Release|Any CPU
		{3DB0E531-F92D-4A77-9C27-516762B953C9}.Debug|Any CPU.ActiveCfg = Debug|Any CPU
		{3DB0E531-F92D-4A77-9C27-516762B953C9}.Debug|Any CPU.Build.0 = Debug|Any CPU
		{3DB0E531-F92D-4A77-9C27-516762B953C9}.Release|Any CPU.ActiveCfg = Release|Any CPU
		{3DB0E531-F92D-4A77-9C27-516762B953C9}.Release|Any CPU.Build.0 = Release|Any CPU
		{B630C72E-9288-48C7-8862-6EB3778C7434}.Debug|Any CPU.ActiveCfg = Debug|Any CPU
		{B630C72E-9288-48C7-8862-6EB3778C7434}.Debug|Any CPU.Build.0 = Debug|Any CPU
		{B630C72E-9288-48C7-8862-6EB3778C7434}.Release|Any CPU.ActiveCfg = Release|Any CPU
		{B630C72E-9288-48C7-8862-6EB3778C7434}.Release|Any CPU.Build.0 = Release|Any CPU
		{2F7AD11F-2E5B-4DD5-B70E-6AA0F7A0E40D}.Debug|Any CPU.ActiveCfg = Debug|Any CPU
		{2F7AD11F-2E5B-4DD5-B70E-6AA0F7A0E40D}.Debug|Any CPU.Build.0 = Debug|Any CPU
		{2F7AD11F-2E5B-4DD5-B70E-6AA0F7A0E40D}.Release|Any CPU.ActiveCfg = Release|Any CPU
		{2F7AD11F-2E5B-4DD5-B70E-6AA0F7A0E40D}.Release|Any CPU.Build.0 = Release|Any CPU
		{79E6D414-CC70-46E8-9CCD-CF7DB5605ADB}.Debug|Any CPU.ActiveCfg = Debug|Any CPU
		{79E6D414-CC70-46E8-9CCD-CF7DB5605ADB}.Debug|Any CPU.Build.0 = Debug|Any CPU
		{79E6D414-CC70-46E8-9CCD-CF7DB5605ADB}.Release|Any CPU.ActiveCfg = Release|Any CPU
		{79E6D414-CC70-46E8-9CCD-CF7DB5605ADB}.Release|Any CPU.Build.0 = Release|Any CPU
		{30AF9167-9336-4E47-98B5-6F5F6A92B423}.Debug|Any CPU.ActiveCfg = Debug|Any CPU
		{30AF9167-9336-4E47-98B5-6F5F6A92B423}.Debug|Any CPU.Build.0 = Debug|Any CPU
		{30AF9167-9336-4E47-98B5-6F5F6A92B423}.Release|Any CPU.ActiveCfg = Release|Any CPU
		{30AF9167-9336-4E47-98B5-6F5F6A92B423}.Release|Any CPU.Build.0 = Release|Any CPU
		{744DF658-C02B-4223-88A0-8AC2E9F4DABA}.Debug|Any CPU.ActiveCfg = Debug|Any CPU
		{744DF658-C02B-4223-88A0-8AC2E9F4DABA}.Debug|Any CPU.Build.0 = Debug|Any CPU
		{744DF658-C02B-4223-88A0-8AC2E9F4DABA}.Release|Any CPU.ActiveCfg = Release|Any CPU
		{744DF658-C02B-4223-88A0-8AC2E9F4DABA}.Release|Any CPU.Build.0 = Release|Any CPU
		{9ADEA6D7-C356-4865-B162-8893C1B073F4}.Debug|Any CPU.ActiveCfg = Debug|Any CPU
		{9ADEA6D7-C356-4865-B162-8893C1B073F4}.Debug|Any CPU.Build.0 = Debug|Any CPU
		{9ADEA6D7-C356-4865-B162-8893C1B073F4}.Release|Any CPU.ActiveCfg = Release|Any CPU
		{9ADEA6D7-C356-4865-B162-8893C1B073F4}.Release|Any CPU.Build.0 = Release|Any CPU
		{219C1FB8-D6F8-494D-85CC-BF28E3F72289}.Debug|Any CPU.ActiveCfg = Debug|Any CPU
		{219C1FB8-D6F8-494D-85CC-BF28E3F72289}.Debug|Any CPU.Build.0 = Debug|Any CPU
		{219C1FB8-D6F8-494D-85CC-BF28E3F72289}.Release|Any CPU.ActiveCfg = Release|Any CPU
		{219C1FB8-D6F8-494D-85CC-BF28E3F72289}.Release|Any CPU.Build.0 = Release|Any CPU
		{1CFEE402-E2B5-4114-A708-F2C9B4C8337C}.Debug|Any CPU.ActiveCfg = Debug|Any CPU
		{1CFEE402-E2B5-4114-A708-F2C9B4C8337C}.Debug|Any CPU.Build.0 = Debug|Any CPU
		{1CFEE402-E2B5-4114-A708-F2C9B4C8337C}.Release|Any CPU.ActiveCfg = Release|Any CPU
		{1CFEE402-E2B5-4114-A708-F2C9B4C8337C}.Release|Any CPU.Build.0 = Release|Any CPU
		{37BE23DE-A8E9-4722-B82C-3071732F2CD8}.Debug|Any CPU.ActiveCfg = Debug|Any CPU
		{37BE23DE-A8E9-4722-B82C-3071732F2CD8}.Debug|Any CPU.Build.0 = Debug|Any CPU
		{37BE23DE-A8E9-4722-B82C-3071732F2CD8}.Release|Any CPU.ActiveCfg = Release|Any CPU
		{37BE23DE-A8E9-4722-B82C-3071732F2CD8}.Release|Any CPU.Build.0 = Release|Any CPU
		{CA5C6029-B405-49FC-AFBC-9B986F243C07}.Debug|Any CPU.ActiveCfg = Debug|Any CPU
		{CA5C6029-B405-49FC-AFBC-9B986F243C07}.Debug|Any CPU.Build.0 = Debug|Any CPU
		{CA5C6029-B405-49FC-AFBC-9B986F243C07}.Release|Any CPU.ActiveCfg = Release|Any CPU
		{CA5C6029-B405-49FC-AFBC-9B986F243C07}.Release|Any CPU.Build.0 = Release|Any CPU
		{4E5F4026-C776-4C13-B630-AACD627B8666}.Debug|Any CPU.ActiveCfg = Debug|Any CPU
		{4E5F4026-C776-4C13-B630-AACD627B8666}.Debug|Any CPU.Build.0 = Debug|Any CPU
		{4E5F4026-C776-4C13-B630-AACD627B8666}.Release|Any CPU.ActiveCfg = Release|Any CPU
		{4E5F4026-C776-4C13-B630-AACD627B8666}.Release|Any CPU.Build.0 = Release|Any CPU
		{371678F6-C2B9-4BF5-A9E7-981FC180A044}.Debug|Any CPU.ActiveCfg = Debug|Any CPU
		{371678F6-C2B9-4BF5-A9E7-981FC180A044}.Debug|Any CPU.Build.0 = Debug|Any CPU
		{371678F6-C2B9-4BF5-A9E7-981FC180A044}.Release|Any CPU.ActiveCfg = Release|Any CPU
		{371678F6-C2B9-4BF5-A9E7-981FC180A044}.Release|Any CPU.Build.0 = Release|Any CPU
		{34B64659-DAF8-4B67-BA1F-628CB97CA7F0}.Debug|Any CPU.ActiveCfg = Debug|Any CPU
		{34B64659-DAF8-4B67-BA1F-628CB97CA7F0}.Debug|Any CPU.Build.0 = Debug|Any CPU
		{34B64659-DAF8-4B67-BA1F-628CB97CA7F0}.Release|Any CPU.ActiveCfg = Release|Any CPU
		{34B64659-DAF8-4B67-BA1F-628CB97CA7F0}.Release|Any CPU.Build.0 = Release|Any CPU
		{FC0A553E-3FA1-45B8-9F64-180BEF475FB2}.Debug|Any CPU.ActiveCfg = Debug|Any CPU
		{FC0A553E-3FA1-45B8-9F64-180BEF475FB2}.Debug|Any CPU.Build.0 = Debug|Any CPU
		{FC0A553E-3FA1-45B8-9F64-180BEF475FB2}.Release|Any CPU.ActiveCfg = Release|Any CPU
		{FC0A553E-3FA1-45B8-9F64-180BEF475FB2}.Release|Any CPU.Build.0 = Release|Any CPU
		{00C3362A-D61E-4BF4-BA18-473E3942A6CE}.Debug|Any CPU.ActiveCfg = Debug|Any CPU
		{00C3362A-D61E-4BF4-BA18-473E3942A6CE}.Debug|Any CPU.Build.0 = Debug|Any CPU
		{00C3362A-D61E-4BF4-BA18-473E3942A6CE}.Release|Any CPU.ActiveCfg = Release|Any CPU
		{00C3362A-D61E-4BF4-BA18-473E3942A6CE}.Release|Any CPU.Build.0 = Release|Any CPU
		{95257E8D-4CC6-4221-B73C-1A92912B5AB8}.Debug|Any CPU.ActiveCfg = Debug|Any CPU
		{95257E8D-4CC6-4221-B73C-1A92912B5AB8}.Debug|Any CPU.Build.0 = Debug|Any CPU
		{95257E8D-4CC6-4221-B73C-1A92912B5AB8}.Release|Any CPU.ActiveCfg = Release|Any CPU
		{95257E8D-4CC6-4221-B73C-1A92912B5AB8}.Release|Any CPU.Build.0 = Release|Any CPU
		{8679EAA9-E9F1-45DD-AE84-9D492A2A6D8D}.Debug|Any CPU.ActiveCfg = Debug|Any CPU
		{8679EAA9-E9F1-45DD-AE84-9D492A2A6D8D}.Debug|Any CPU.Build.0 = Debug|Any CPU
		{8679EAA9-E9F1-45DD-AE84-9D492A2A6D8D}.Release|Any CPU.ActiveCfg = Release|Any CPU
		{8679EAA9-E9F1-45DD-AE84-9D492A2A6D8D}.Release|Any CPU.Build.0 = Release|Any CPU
		{27B6B56F-E8A7-4335-A2E0-6D05572AAF70}.Debug|Any CPU.ActiveCfg = Debug|Any CPU
		{27B6B56F-E8A7-4335-A2E0-6D05572AAF70}.Debug|Any CPU.Build.0 = Debug|Any CPU
		{27B6B56F-E8A7-4335-A2E0-6D05572AAF70}.Release|Any CPU.ActiveCfg = Release|Any CPU
		{27B6B56F-E8A7-4335-A2E0-6D05572AAF70}.Release|Any CPU.Build.0 = Release|Any CPU
		{B3B75739-DC93-49F8-B44A-28BA1DC65C31}.Debug|Any CPU.ActiveCfg = Debug|Any CPU
		{B3B75739-DC93-49F8-B44A-28BA1DC65C31}.Debug|Any CPU.Build.0 = Debug|Any CPU
		{B3B75739-DC93-49F8-B44A-28BA1DC65C31}.Release|Any CPU.ActiveCfg = Release|Any CPU
		{B3B75739-DC93-49F8-B44A-28BA1DC65C31}.Release|Any CPU.Build.0 = Release|Any CPU
		{0DF74D39-1BCD-4F96-92FB-9F89923CA4D2}.Debug|Any CPU.ActiveCfg = Debug|Any CPU
		{0DF74D39-1BCD-4F96-92FB-9F89923CA4D2}.Debug|Any CPU.Build.0 = Debug|Any CPU
		{0DF74D39-1BCD-4F96-92FB-9F89923CA4D2}.Release|Any CPU.ActiveCfg = Release|Any CPU
		{0DF74D39-1BCD-4F96-92FB-9F89923CA4D2}.Release|Any CPU.Build.0 = Release|Any CPU
		{41A11570-8A1E-48D4-993B-DF7EE4E9A6C8}.Debug|Any CPU.ActiveCfg = Debug|Any CPU
		{41A11570-8A1E-48D4-993B-DF7EE4E9A6C8}.Debug|Any CPU.Build.0 = Debug|Any CPU
		{41A11570-8A1E-48D4-993B-DF7EE4E9A6C8}.Release|Any CPU.ActiveCfg = Release|Any CPU
		{41A11570-8A1E-48D4-993B-DF7EE4E9A6C8}.Release|Any CPU.Build.0 = Release|Any CPU
		{B55D0F30-D504-4ED9-979E-0C31E3EF54A0}.Debug|Any CPU.ActiveCfg = Debug|Any CPU
		{B55D0F30-D504-4ED9-979E-0C31E3EF54A0}.Debug|Any CPU.Build.0 = Debug|Any CPU
		{B55D0F30-D504-4ED9-979E-0C31E3EF54A0}.Release|Any CPU.ActiveCfg = Release|Any CPU
		{B55D0F30-D504-4ED9-979E-0C31E3EF54A0}.Release|Any CPU.Build.0 = Release|Any CPU
		{6BD8D498-1396-4F16-B341-6EF8EBCC0FCC}.Debug|Any CPU.ActiveCfg = Debug|Any CPU
		{6BD8D498-1396-4F16-B341-6EF8EBCC0FCC}.Debug|Any CPU.Build.0 = Debug|Any CPU
		{6BD8D498-1396-4F16-B341-6EF8EBCC0FCC}.Release|Any CPU.ActiveCfg = Release|Any CPU
		{6BD8D498-1396-4F16-B341-6EF8EBCC0FCC}.Release|Any CPU.Build.0 = Release|Any CPU
		{68DA7B39-111C-40EF-85A9-85936517BF30}.Debug|Any CPU.ActiveCfg = Debug|Any CPU
		{68DA7B39-111C-40EF-85A9-85936517BF30}.Debug|Any CPU.Build.0 = Debug|Any CPU
		{68DA7B39-111C-40EF-85A9-85936517BF30}.Release|Any CPU.ActiveCfg = Release|Any CPU
		{68DA7B39-111C-40EF-85A9-85936517BF30}.Release|Any CPU.Build.0 = Release|Any CPU
		{3615ADDB-1F27-472B-A056-23B65186CE82}.Debug|Any CPU.ActiveCfg = Debug|Any CPU
		{3615ADDB-1F27-472B-A056-23B65186CE82}.Debug|Any CPU.Build.0 = Debug|Any CPU
		{3615ADDB-1F27-472B-A056-23B65186CE82}.Release|Any CPU.ActiveCfg = Release|Any CPU
		{3615ADDB-1F27-472B-A056-23B65186CE82}.Release|Any CPU.Build.0 = Release|Any CPU
		{CF91338F-90BE-4CE8-9A2C-A74EFFA4D6D4}.Debug|Any CPU.ActiveCfg = Debug|Any CPU
		{CF91338F-90BE-4CE8-9A2C-A74EFFA4D6D4}.Debug|Any CPU.Build.0 = Debug|Any CPU
		{CF91338F-90BE-4CE8-9A2C-A74EFFA4D6D4}.Release|Any CPU.ActiveCfg = Release|Any CPU
		{CF91338F-90BE-4CE8-9A2C-A74EFFA4D6D4}.Release|Any CPU.Build.0 = Release|Any CPU
		{CDD3BF5A-F6E8-4406-90DA-26C3A9A75F72}.Debug|Any CPU.ActiveCfg = Debug|Any CPU
		{CDD3BF5A-F6E8-4406-90DA-26C3A9A75F72}.Debug|Any CPU.Build.0 = Debug|Any CPU
		{CDD3BF5A-F6E8-4406-90DA-26C3A9A75F72}.Release|Any CPU.ActiveCfg = Release|Any CPU
		{CDD3BF5A-F6E8-4406-90DA-26C3A9A75F72}.Release|Any CPU.Build.0 = Release|Any CPU
		{4E82FE22-645A-416A-B482-935E8E3F4F90}.Debug|Any CPU.ActiveCfg = Debug|Any CPU
		{4E82FE22-645A-416A-B482-935E8E3F4F90}.Debug|Any CPU.Build.0 = Debug|Any CPU
		{4E82FE22-645A-416A-B482-935E8E3F4F90}.Release|Any CPU.ActiveCfg = Release|Any CPU
		{4E82FE22-645A-416A-B482-935E8E3F4F90}.Release|Any CPU.Build.0 = Release|Any CPU
		{0DE5C305-E005-4082-A07D-BEB0C2C78B0B}.Debug|Any CPU.ActiveCfg = Debug|Any CPU
		{0DE5C305-E005-4082-A07D-BEB0C2C78B0B}.Debug|Any CPU.Build.0 = Debug|Any CPU
		{0DE5C305-E005-4082-A07D-BEB0C2C78B0B}.Release|Any CPU.ActiveCfg = Release|Any CPU
		{0DE5C305-E005-4082-A07D-BEB0C2C78B0B}.Release|Any CPU.Build.0 = Release|Any CPU
		{D6F1ED4E-7661-4B2C-8AD7-045E2F6816B9}.Debug|Any CPU.ActiveCfg = Debug|Any CPU
		{D6F1ED4E-7661-4B2C-8AD7-045E2F6816B9}.Debug|Any CPU.Build.0 = Debug|Any CPU
		{D6F1ED4E-7661-4B2C-8AD7-045E2F6816B9}.Release|Any CPU.ActiveCfg = Release|Any CPU
		{D6F1ED4E-7661-4B2C-8AD7-045E2F6816B9}.Release|Any CPU.Build.0 = Release|Any CPU
		{C1458AB3-A1B6-453A-9B4C-D880E2D63BD4}.Debug|Any CPU.ActiveCfg = Debug|Any CPU
		{C1458AB3-A1B6-453A-9B4C-D880E2D63BD4}.Debug|Any CPU.Build.0 = Debug|Any CPU
		{C1458AB3-A1B6-453A-9B4C-D880E2D63BD4}.Release|Any CPU.ActiveCfg = Release|Any CPU
		{C1458AB3-A1B6-453A-9B4C-D880E2D63BD4}.Release|Any CPU.Build.0 = Release|Any CPU
		{516CBFFE-5A42-492F-80B9-BA715A03B052}.Debug|Any CPU.ActiveCfg = Debug|Any CPU
		{516CBFFE-5A42-492F-80B9-BA715A03B052}.Debug|Any CPU.Build.0 = Debug|Any CPU
		{516CBFFE-5A42-492F-80B9-BA715A03B052}.Release|Any CPU.ActiveCfg = Release|Any CPU
		{516CBFFE-5A42-492F-80B9-BA715A03B052}.Release|Any CPU.Build.0 = Release|Any CPU
		{11E399D9-C555-42F8-8EF7-00A83FAB040D}.Debug|Any CPU.ActiveCfg = Debug|Any CPU
		{11E399D9-C555-42F8-8EF7-00A83FAB040D}.Debug|Any CPU.Build.0 = Debug|Any CPU
		{11E399D9-C555-42F8-8EF7-00A83FAB040D}.Release|Any CPU.ActiveCfg = Release|Any CPU
		{11E399D9-C555-42F8-8EF7-00A83FAB040D}.Release|Any CPU.Build.0 = Release|Any CPU
		{CAC7EEAE-1CB0-4F51-A1A7-A13E4BDB5CBC}.Debug|Any CPU.ActiveCfg = Debug|Any CPU
		{CAC7EEAE-1CB0-4F51-A1A7-A13E4BDB5CBC}.Debug|Any CPU.Build.0 = Debug|Any CPU
		{CAC7EEAE-1CB0-4F51-A1A7-A13E4BDB5CBC}.Release|Any CPU.ActiveCfg = Release|Any CPU
		{CAC7EEAE-1CB0-4F51-A1A7-A13E4BDB5CBC}.Release|Any CPU.Build.0 = Release|Any CPU
		{26A3076E-B283-4C01-A3BD-0E63B0C3D776}.Debug|Any CPU.ActiveCfg = Debug|Any CPU
		{26A3076E-B283-4C01-A3BD-0E63B0C3D776}.Debug|Any CPU.Build.0 = Debug|Any CPU
		{26A3076E-B283-4C01-A3BD-0E63B0C3D776}.Release|Any CPU.ActiveCfg = Release|Any CPU
		{26A3076E-B283-4C01-A3BD-0E63B0C3D776}.Release|Any CPU.Build.0 = Release|Any CPU
		{307B3220-B9CD-41B8-A7E6-038B98748ADC}.Debug|Any CPU.ActiveCfg = Debug|Any CPU
		{307B3220-B9CD-41B8-A7E6-038B98748ADC}.Debug|Any CPU.Build.0 = Debug|Any CPU
		{307B3220-B9CD-41B8-A7E6-038B98748ADC}.Release|Any CPU.ActiveCfg = Release|Any CPU
		{307B3220-B9CD-41B8-A7E6-038B98748ADC}.Release|Any CPU.Build.0 = Release|Any CPU
		{DC2796E9-4BF6-44CF-973E-3B18034BB5DF}.Debug|Any CPU.ActiveCfg = Debug|Any CPU
		{DC2796E9-4BF6-44CF-973E-3B18034BB5DF}.Debug|Any CPU.Build.0 = Debug|Any CPU
		{DC2796E9-4BF6-44CF-973E-3B18034BB5DF}.Release|Any CPU.ActiveCfg = Release|Any CPU
		{DC2796E9-4BF6-44CF-973E-3B18034BB5DF}.Release|Any CPU.Build.0 = Release|Any CPU
		{8421BBF8-0BB8-49CA-8C48-EA71BADE9671}.Debug|Any CPU.ActiveCfg = Debug|Any CPU
		{8421BBF8-0BB8-49CA-8C48-EA71BADE9671}.Debug|Any CPU.Build.0 = Debug|Any CPU
		{8421BBF8-0BB8-49CA-8C48-EA71BADE9671}.Release|Any CPU.ActiveCfg = Release|Any CPU
		{8421BBF8-0BB8-49CA-8C48-EA71BADE9671}.Release|Any CPU.Build.0 = Release|Any CPU
		{AF68EC35-1E68-4220-9004-155F0171B857}.Debug|Any CPU.ActiveCfg = Debug|Any CPU
		{AF68EC35-1E68-4220-9004-155F0171B857}.Debug|Any CPU.Build.0 = Debug|Any CPU
		{AF68EC35-1E68-4220-9004-155F0171B857}.Release|Any CPU.ActiveCfg = Release|Any CPU
		{AF68EC35-1E68-4220-9004-155F0171B857}.Release|Any CPU.Build.0 = Release|Any CPU
		{68C9A18B-DDD4-40D5-94CC-2D7220E56A70}.Debug|Any CPU.ActiveCfg = Debug|Any CPU
		{68C9A18B-DDD4-40D5-94CC-2D7220E56A70}.Debug|Any CPU.Build.0 = Debug|Any CPU
		{68C9A18B-DDD4-40D5-94CC-2D7220E56A70}.Release|Any CPU.ActiveCfg = Release|Any CPU
		{68C9A18B-DDD4-40D5-94CC-2D7220E56A70}.Release|Any CPU.Build.0 = Release|Any CPU
		{B710A095-B0C9-4787-8E26-479883753786}.Debug|Any CPU.ActiveCfg = Debug|Any CPU
		{B710A095-B0C9-4787-8E26-479883753786}.Debug|Any CPU.Build.0 = Debug|Any CPU
		{B710A095-B0C9-4787-8E26-479883753786}.Release|Any CPU.ActiveCfg = Release|Any CPU
		{B710A095-B0C9-4787-8E26-479883753786}.Release|Any CPU.Build.0 = Release|Any CPU
		{B2B80004-C46A-4C8C-82CC-5146B82195C8}.Debug|Any CPU.ActiveCfg = Debug|Any CPU
		{B2B80004-C46A-4C8C-82CC-5146B82195C8}.Debug|Any CPU.Build.0 = Debug|Any CPU
		{B2B80004-C46A-4C8C-82CC-5146B82195C8}.Release|Any CPU.ActiveCfg = Release|Any CPU
		{B2B80004-C46A-4C8C-82CC-5146B82195C8}.Release|Any CPU.Build.0 = Release|Any CPU
		{1045A876-1337-4B39-9F82-05B984296E2F}.Debug|Any CPU.ActiveCfg = Debug|Any CPU
		{1045A876-1337-4B39-9F82-05B984296E2F}.Debug|Any CPU.Build.0 = Debug|Any CPU
		{1045A876-1337-4B39-9F82-05B984296E2F}.Release|Any CPU.ActiveCfg = Release|Any CPU
		{1045A876-1337-4B39-9F82-05B984296E2F}.Release|Any CPU.Build.0 = Release|Any CPU
		{71F31D1D-BF21-4117-8CB0-3452D42B3FF6}.Debug|Any CPU.ActiveCfg = Debug|Any CPU
		{71F31D1D-BF21-4117-8CB0-3452D42B3FF6}.Debug|Any CPU.Build.0 = Debug|Any CPU
		{71F31D1D-BF21-4117-8CB0-3452D42B3FF6}.Release|Any CPU.ActiveCfg = Release|Any CPU
		{71F31D1D-BF21-4117-8CB0-3452D42B3FF6}.Release|Any CPU.Build.0 = Release|Any CPU
		{28754C09-6758-43AE-B4C9-7C67F6DFE51B}.Debug|Any CPU.ActiveCfg = Debug|Any CPU
		{28754C09-6758-43AE-B4C9-7C67F6DFE51B}.Debug|Any CPU.Build.0 = Debug|Any CPU
		{28754C09-6758-43AE-B4C9-7C67F6DFE51B}.Release|Any CPU.ActiveCfg = Release|Any CPU
		{28754C09-6758-43AE-B4C9-7C67F6DFE51B}.Release|Any CPU.Build.0 = Release|Any CPU
		{00314C85-4074-45D4-8D1D-669A3C833789}.Debug|Any CPU.ActiveCfg = Debug|Any CPU
		{00314C85-4074-45D4-8D1D-669A3C833789}.Debug|Any CPU.Build.0 = Debug|Any CPU
		{00314C85-4074-45D4-8D1D-669A3C833789}.Release|Any CPU.ActiveCfg = Release|Any CPU
		{00314C85-4074-45D4-8D1D-669A3C833789}.Release|Any CPU.Build.0 = Release|Any CPU
		{7A8C8599-1790-412C-BB0B-49FC7A739BEE}.Debug|Any CPU.ActiveCfg = Debug|Any CPU
		{7A8C8599-1790-412C-BB0B-49FC7A739BEE}.Debug|Any CPU.Build.0 = Debug|Any CPU
		{7A8C8599-1790-412C-BB0B-49FC7A739BEE}.Release|Any CPU.ActiveCfg = Release|Any CPU
		{7A8C8599-1790-412C-BB0B-49FC7A739BEE}.Release|Any CPU.Build.0 = Release|Any CPU
		{B1EEAC07-858B-4D19-AA64-E67AE5E2CCB6}.Debug|Any CPU.ActiveCfg = Debug|Any CPU
		{B1EEAC07-858B-4D19-AA64-E67AE5E2CCB6}.Debug|Any CPU.Build.0 = Debug|Any CPU
		{B1EEAC07-858B-4D19-AA64-E67AE5E2CCB6}.Release|Any CPU.ActiveCfg = Release|Any CPU
		{B1EEAC07-858B-4D19-AA64-E67AE5E2CCB6}.Release|Any CPU.Build.0 = Release|Any CPU
		{CF71CC8A-1EE1-47D8-AECF-FF31E0012610}.Debug|Any CPU.ActiveCfg = Debug|Any CPU
		{CF71CC8A-1EE1-47D8-AECF-FF31E0012610}.Debug|Any CPU.Build.0 = Debug|Any CPU
		{CF71CC8A-1EE1-47D8-AECF-FF31E0012610}.Release|Any CPU.ActiveCfg = Release|Any CPU
		{CF71CC8A-1EE1-47D8-AECF-FF31E0012610}.Release|Any CPU.Build.0 = Release|Any CPU
		{E66E6123-44C8-42C8-B52D-D5251C392986}.Debug|Any CPU.ActiveCfg = Debug|Any CPU
		{E66E6123-44C8-42C8-B52D-D5251C392986}.Debug|Any CPU.Build.0 = Debug|Any CPU
		{E66E6123-44C8-42C8-B52D-D5251C392986}.Release|Any CPU.ActiveCfg = Release|Any CPU
		{E66E6123-44C8-42C8-B52D-D5251C392986}.Release|Any CPU.Build.0 = Release|Any CPU
		{E77C3519-F4BB-49C3-8955-3409AA1B7424}.Debug|Any CPU.ActiveCfg = Debug|Any CPU
		{E77C3519-F4BB-49C3-8955-3409AA1B7424}.Debug|Any CPU.Build.0 = Debug|Any CPU
		{E77C3519-F4BB-49C3-8955-3409AA1B7424}.Release|Any CPU.ActiveCfg = Release|Any CPU
		{E77C3519-F4BB-49C3-8955-3409AA1B7424}.Release|Any CPU.Build.0 = Release|Any CPU
		{F9A7426D-384B-4576-909D-F794D6F569F5}.Debug|Any CPU.ActiveCfg = Debug|Any CPU
		{F9A7426D-384B-4576-909D-F794D6F569F5}.Debug|Any CPU.Build.0 = Debug|Any CPU
		{F9A7426D-384B-4576-909D-F794D6F569F5}.Release|Any CPU.ActiveCfg = Release|Any CPU
		{F9A7426D-384B-4576-909D-F794D6F569F5}.Release|Any CPU.Build.0 = Release|Any CPU
		{9581AEFC-D340-4EAC-8BBF-7D5BD20A6FF5}.Debug|Any CPU.ActiveCfg = Debug|Any CPU
		{9581AEFC-D340-4EAC-8BBF-7D5BD20A6FF5}.Debug|Any CPU.Build.0 = Debug|Any CPU
		{9581AEFC-D340-4EAC-8BBF-7D5BD20A6FF5}.Release|Any CPU.ActiveCfg = Release|Any CPU
		{9581AEFC-D340-4EAC-8BBF-7D5BD20A6FF5}.Release|Any CPU.Build.0 = Release|Any CPU
		{7931B79D-5741-4614-AB5D-59849FF72678}.Debug|Any CPU.ActiveCfg = Debug|Any CPU
		{7931B79D-5741-4614-AB5D-59849FF72678}.Debug|Any CPU.Build.0 = Debug|Any CPU
		{7931B79D-5741-4614-AB5D-59849FF72678}.Release|Any CPU.ActiveCfg = Release|Any CPU
		{7931B79D-5741-4614-AB5D-59849FF72678}.Release|Any CPU.Build.0 = Release|Any CPU
		{61FDDB2C-4292-4641-A654-6C21ADAB6848}.Debug|Any CPU.ActiveCfg = Debug|Any CPU
		{61FDDB2C-4292-4641-A654-6C21ADAB6848}.Debug|Any CPU.Build.0 = Debug|Any CPU
		{61FDDB2C-4292-4641-A654-6C21ADAB6848}.Release|Any CPU.ActiveCfg = Release|Any CPU
		{61FDDB2C-4292-4641-A654-6C21ADAB6848}.Release|Any CPU.Build.0 = Release|Any CPU
		{4C65935E-5622-4E8E-A6B0-4D24B255C6F1}.Debug|Any CPU.ActiveCfg = Debug|Any CPU
		{4C65935E-5622-4E8E-A6B0-4D24B255C6F1}.Debug|Any CPU.Build.0 = Debug|Any CPU
		{4C65935E-5622-4E8E-A6B0-4D24B255C6F1}.Release|Any CPU.ActiveCfg = Release|Any CPU
		{4C65935E-5622-4E8E-A6B0-4D24B255C6F1}.Release|Any CPU.Build.0 = Release|Any CPU
		{60B9EFD7-D1F7-491C-A16F-5A35C1D7D685}.Debug|Any CPU.ActiveCfg = Debug|Any CPU
		{60B9EFD7-D1F7-491C-A16F-5A35C1D7D685}.Debug|Any CPU.Build.0 = Debug|Any CPU
		{60B9EFD7-D1F7-491C-A16F-5A35C1D7D685}.Release|Any CPU.ActiveCfg = Release|Any CPU
		{60B9EFD7-D1F7-491C-A16F-5A35C1D7D685}.Release|Any CPU.Build.0 = Release|Any CPU
		{B220B312-E682-49D7-9C88-FEB5B41087FE}.Debug|Any CPU.ActiveCfg = Debug|Any CPU
		{B220B312-E682-49D7-9C88-FEB5B41087FE}.Debug|Any CPU.Build.0 = Debug|Any CPU
		{B220B312-E682-49D7-9C88-FEB5B41087FE}.Release|Any CPU.ActiveCfg = Release|Any CPU
		{B220B312-E682-49D7-9C88-FEB5B41087FE}.Release|Any CPU.Build.0 = Release|Any CPU
		{B4EDBC9F-B180-44CD-B53C-9362FC8793C4}.Debug|Any CPU.ActiveCfg = Debug|Any CPU
		{B4EDBC9F-B180-44CD-B53C-9362FC8793C4}.Debug|Any CPU.Build.0 = Debug|Any CPU
		{B4EDBC9F-B180-44CD-B53C-9362FC8793C4}.Release|Any CPU.ActiveCfg = Release|Any CPU
		{B4EDBC9F-B180-44CD-B53C-9362FC8793C4}.Release|Any CPU.Build.0 = Release|Any CPU
		{4DC958F1-D4FC-4EA7-9B28-52B8B17BC741}.Debug|Any CPU.ActiveCfg = Debug|Any CPU
		{4DC958F1-D4FC-4EA7-9B28-52B8B17BC741}.Debug|Any CPU.Build.0 = Debug|Any CPU
		{4DC958F1-D4FC-4EA7-9B28-52B8B17BC741}.Release|Any CPU.ActiveCfg = Release|Any CPU
		{4DC958F1-D4FC-4EA7-9B28-52B8B17BC741}.Release|Any CPU.Build.0 = Release|Any CPU
		{A0EFC5CA-26A2-4826-8FE0-90D2DB64537B}.Debug|Any CPU.ActiveCfg = Debug|Any CPU
		{A0EFC5CA-26A2-4826-8FE0-90D2DB64537B}.Debug|Any CPU.Build.0 = Debug|Any CPU
		{A0EFC5CA-26A2-4826-8FE0-90D2DB64537B}.Release|Any CPU.ActiveCfg = Release|Any CPU
		{A0EFC5CA-26A2-4826-8FE0-90D2DB64537B}.Release|Any CPU.Build.0 = Release|Any CPU
		{9A8E6C38-9ED6-491E-9073-F35BDE2E4FA3}.Debug|Any CPU.ActiveCfg = Debug|Any CPU
		{9A8E6C38-9ED6-491E-9073-F35BDE2E4FA3}.Debug|Any CPU.Build.0 = Debug|Any CPU
		{9A8E6C38-9ED6-491E-9073-F35BDE2E4FA3}.Release|Any CPU.ActiveCfg = Release|Any CPU
		{9A8E6C38-9ED6-491E-9073-F35BDE2E4FA3}.Release|Any CPU.Build.0 = Release|Any CPU
		{DD87892D-48D1-4ED2-A079-7853876CCE93}.Debug|Any CPU.ActiveCfg = Debug|Any CPU
		{DD87892D-48D1-4ED2-A079-7853876CCE93}.Debug|Any CPU.Build.0 = Debug|Any CPU
		{DD87892D-48D1-4ED2-A079-7853876CCE93}.Release|Any CPU.ActiveCfg = Release|Any CPU
		{DD87892D-48D1-4ED2-A079-7853876CCE93}.Release|Any CPU.Build.0 = Release|Any CPU
		{E1317D99-3016-4B8D-A0AF-80585C6F4851}.Debug|Any CPU.ActiveCfg = Debug|Any CPU
		{E1317D99-3016-4B8D-A0AF-80585C6F4851}.Debug|Any CPU.Build.0 = Debug|Any CPU
		{E1317D99-3016-4B8D-A0AF-80585C6F4851}.Release|Any CPU.ActiveCfg = Release|Any CPU
		{E1317D99-3016-4B8D-A0AF-80585C6F4851}.Release|Any CPU.Build.0 = Release|Any CPU
		{BCF181A5-F337-4DA1-8F64-1AF4AA399089}.Debug|Any CPU.ActiveCfg = Debug|Any CPU
		{BCF181A5-F337-4DA1-8F64-1AF4AA399089}.Debug|Any CPU.Build.0 = Debug|Any CPU
		{BCF181A5-F337-4DA1-8F64-1AF4AA399089}.Release|Any CPU.ActiveCfg = Release|Any CPU
		{BCF181A5-F337-4DA1-8F64-1AF4AA399089}.Release|Any CPU.Build.0 = Release|Any CPU
		{7FF73EA4-19DE-4A16-A0FB-D652D6EAE30D}.Debug|Any CPU.ActiveCfg = Debug|Any CPU
		{7FF73EA4-19DE-4A16-A0FB-D652D6EAE30D}.Debug|Any CPU.Build.0 = Debug|Any CPU
		{7FF73EA4-19DE-4A16-A0FB-D652D6EAE30D}.Release|Any CPU.ActiveCfg = Release|Any CPU
		{7FF73EA4-19DE-4A16-A0FB-D652D6EAE30D}.Release|Any CPU.Build.0 = Release|Any CPU
		{8E07BA03-8A72-48A0-A469-948B95C7A194}.Debug|Any CPU.ActiveCfg = Debug|Any CPU
		{8E07BA03-8A72-48A0-A469-948B95C7A194}.Debug|Any CPU.Build.0 = Debug|Any CPU
		{8E07BA03-8A72-48A0-A469-948B95C7A194}.Release|Any CPU.ActiveCfg = Release|Any CPU
		{8E07BA03-8A72-48A0-A469-948B95C7A194}.Release|Any CPU.Build.0 = Release|Any CPU
		{107ED462-B101-4103-9B13-04514113B9F2}.Debug|Any CPU.ActiveCfg = Debug|Any CPU
		{107ED462-B101-4103-9B13-04514113B9F2}.Debug|Any CPU.Build.0 = Debug|Any CPU
		{107ED462-B101-4103-9B13-04514113B9F2}.Release|Any CPU.ActiveCfg = Release|Any CPU
		{107ED462-B101-4103-9B13-04514113B9F2}.Release|Any CPU.Build.0 = Release|Any CPU
		{FD8D950B-9AED-40D7-9A8C-332D16C3AF7A}.Debug|Any CPU.ActiveCfg = Debug|Any CPU
		{FD8D950B-9AED-40D7-9A8C-332D16C3AF7A}.Debug|Any CPU.Build.0 = Debug|Any CPU
		{FD8D950B-9AED-40D7-9A8C-332D16C3AF7A}.Release|Any CPU.ActiveCfg = Release|Any CPU
		{FD8D950B-9AED-40D7-9A8C-332D16C3AF7A}.Release|Any CPU.Build.0 = Release|Any CPU
	EndGlobalSection
	GlobalSection(SolutionProperties) = preSolution
		HideSolutionNode = FALSE
	EndGlobalSection
	GlobalSection(ExtensibilityGlobals) = postSolution
		SolutionGuid = {4CF6293A-499C-420C-90F7-1AB767FF77BD}
	EndGlobalSection
EndGlobal
